
Microsoft Visual Studio Solution File, Format Version 12.00
# Visual Studio Version 16
VisualStudioVersion = 16.0.31424.327
MinimumVisualStudioVersion = 10.0.40219.1
Project("{8BC9CEB8-8B4A-11D0-8D11-00A0C91BC942}") = "Mảng gộp CN,T,Hello World cơ bản", "Mảng gộp CN,T,Hello World cơ bản.vcxproj", "{E3E5B033-7DDD-45D5-92EE-E0D0F4037FB3}"
EndProject
Global
	GlobalSection(SolutionConfigurationPlatforms) = preSolution
		Debug|x64 = Debug|x64
		Debug|x86 = Debug|x86
		mảng gộp CN,T,Hello World cơ bản|x64 = mảng gộp CN,T,Hello World cơ bản|x64
		mảng gộp CN,T,Hello World cơ bản|x86 = mảng gộp CN,T,Hello World cơ bản|x86
		Release|x64 = Release|x64
		Release|x86 = Release|x86
	EndGlobalSection
	GlobalSection(ProjectConfigurationPlatforms) = postSolution
		{E3E5B033-7DDD-45D5-92EE-E0D0F4037FB3}.Debug|x64.ActiveCfg = Debug|x64
		{E3E5B033-7DDD-45D5-92EE-E0D0F4037FB3}.Debug|x64.Build.0 = Debug|x64
		{E3E5B033-7DDD-45D5-92EE-E0D0F4037FB3}.Debug|x86.ActiveCfg = Debug|Win32
		{E3E5B033-7DDD-45D5-92EE-E0D0F4037FB3}.Debug|x86.Build.0 = Debug|Win32
		{E3E5B033-7DDD-45D5-92EE-E0D0F4037FB3}.mảng gộp CN,T,Hello World cơ bản|x64.ActiveCfg = mảng gộp CN,T,Hello World cơ bản|x64
		{E3E5B033-7DDD-45D5-92EE-E0D0F4037FB3}.mảng gộp CN,T,Hello World cơ bản|x64.Build.0 = mảng gộp CN,T,Hello World cơ bản|x64
		{E3E5B033-7DDD-45D5-92EE-E0D0F4037FB3}.mảng gộp CN,T,Hello World cơ bản|x86.ActiveCfg = mảng gộp CN,T,Hello World cơ bản|Win32
		{E3E5B033-7DDD-45D5-92EE-E0D0F4037FB3}.mảng gộp CN,T,Hello World cơ bản|x86.Build.0 = mảng gộp CN,T,Hello World cơ bản|Win32
		{E3E5B033-7DDD-45D5-92EE-E0D0F4037FB3}.Release|x64.ActiveCfg = Release|x64
		{E3E5B033-7DDD-45D5-92EE-E0D0F4037FB3}.Release|x64.Build.0 = Release|x64
		{E3E5B033-7DDD-45D5-92EE-E0D0F4037FB3}.Release|x86.ActiveCfg = Release|Win32
		{E3E5B033-7DDD-45D5-92EE-E0D0F4037FB3}.Release|x86.Build.0 = Release|Win32
	EndGlobalSection
	GlobalSection(SolutionProperties) = preSolution
		HideSolutionNode = FALSE
	EndGlobalSection
	GlobalSection(ExtensibilityGlobals) = postSolution
		SolutionGuid = {8DB394E3-8972-4281-9F65-C603A5738968}
	EndGlobalSection
EndGlobal
